
Microsoft Visual Studio Solution File, Format Version 12.00
# Visual Studio Version 17
VisualStudioVersion = 17.7.34031.279
MinimumVisualStudioVersion = 10.0.40219.1
Project("{FAE04EC0-301F-11D3-BF4B-00C04F79EFBC}") = "Kalkulatorcsharp", "Kalkulatorcsharp\Kalkulatorcsharp.csproj", "{2C86BB12-3775-4761-94EA-8D37653B0315}"
EndProject
Global
	GlobalSection(SolutionConfigurationPlatforms) = preSolution
		Debug|Any CPU = Debug|Any CPU
		Release|Any CPU = Release|Any CPU
	EndGlobalSection
	GlobalSection(ProjectConfigurationPlatforms) = postSolution
		{2C86BB12-3775-4761-94EA-8D37653B0315}.Debug|Any CPU.ActiveCfg = Debug|Any CPU
		{2C86BB12-3775-4761-94EA-8D37653B0315}.Debug|Any CPU.Build.0 = Debug|Any CPU
		{2C86BB12-3775-4761-94EA-8D37653B0315}.Release|Any CPU.ActiveCfg = Release|Any CPU
		{2C86BB12-3775-4761-94EA-8D37653B0315}.Release|Any CPU.Build.0 = Release|Any CPU
	EndGlobalSection
	GlobalSection(SolutionProperties) = preSolution
		HideSolutionNode = FALSE
	EndGlobalSection
	GlobalSection(ExtensibilityGlobals) = postSolution
		SolutionGuid = {775E3E7B-2A09-47BC-961E-D27FFFA36E73}
	EndGlobalSection
EndGlobal
