
Microsoft Visual Studio Solution File, Format Version 12.00
# Visual Studio Version 17
VisualStudioVersion = 17.8.34330.188
MinimumVisualStudioVersion = 10.0.40219.1
Project("{FAE04EC0-301F-11D3-BF4B-00C04F79EFBC}") = "SnakeGra", "SnakeGra\SnakeGra.csproj", "{117D1E0C-368F-4D19-8678-8D6AAD1257FB}"
EndProject
Global
	GlobalSection(SolutionConfigurationPlatforms) = preSolution
		Debug|Any CPU = Debug|Any CPU
		Release|Any CPU = Release|Any CPU
	EndGlobalSection
	GlobalSection(ProjectConfigurationPlatforms) = postSolution
		{117D1E0C-368F-4D19-8678-8D6AAD1257FB}.Debug|Any CPU.ActiveCfg = Debug|Any CPU
		{117D1E0C-368F-4D19-8678-8D6AAD1257FB}.Debug|Any CPU.Build.0 = Debug|Any CPU
		{117D1E0C-368F-4D19-8678-8D6AAD1257FB}.Release|Any CPU.ActiveCfg = Release|Any CPU
		{117D1E0C-368F-4D19-8678-8D6AAD1257FB}.Release|Any CPU.Build.0 = Release|Any CPU
	EndGlobalSection
	GlobalSection(SolutionProperties) = preSolution
		HideSolutionNode = FALSE
	EndGlobalSection
	GlobalSection(ExtensibilityGlobals) = postSolution
		SolutionGuid = {81265381-3BE6-4777-AF6C-A44D9A0BBE06}
	EndGlobalSection
EndGlobal
